{
  "name": "cascading",
  "version": "1.0.0",
  "lockfileVersion": 1,
  "requires": true,
  "dependencies": {
    "node-fetch": {
      "version": "2.1.1",
      "resolved": "https://registry.npmjs.org/node-fetch/-/node-fetch-2.1.1.tgz",
      "integrity": "sha1-NpynC4L1DIZJYQSmx3bSdPTkotQ="
    },
    "prettier": {
      "version": "1.11.1",
      "resolved": "https://registry.npmjs.org/prettier/-/prettier-1.11.1.tgz",
      "integrity": "sha512-T/KD65Ot0PB97xTrG8afQ46x3oiVhnfGjGESSI9NWYcG92+OUPZKkwHqGWXH2t9jK1crnQjubECW0FuOth+hxw=="
    }
  }
}
